// !$*UTF8*$!
{
	archiveVersion = 1;
	classes = {
	};
	objectVersion = 56;
	objects = {

/* Begin PBXBuildFile section */
		A10000000000000000000030 /* ServerBoxApp.swift in Sources */ = {isa = PBXBuildFile; fileRef = A10000000000000000000010 /* ServerBoxApp.swift */; };
		A10000000000000000000031 /* MonitorServer.swift in Sources */ = {isa = PBXBuildFile; fileRef = A10000000000000000000011 /* MonitorServer.swift */; };
		A10000000000000000000032 /* ServerStatus.swift in Sources */ = {isa = PBXBuildFile; fileRef = A10000000000000000000012 /* ServerStatus.swift */; };
		A10000000000000000000033 /* ServerStatusState.swift in Sources */ = {isa = PBXBuildFile; fileRef = A10000000000000000000013 /* ServerStatusState.swift */; };
		A10000000000000000000034 /* MonitorAPI.swift in Sources */ = {isa = PBXBuildFile; fileRef = A10000000000000000000014 /* MonitorAPI.swift */; };
		A10000000000000000000035 /* ServerStore.swift in Sources */ = {isa = PBXBuildFile; fileRef = A10000000000000000000015 /* ServerStore.swift */; };
		A10000000000000000000036 /* ServerListViewModel.swift in Sources */ = {isa = PBXBuildFile; fileRef = A10000000000000000000016 /* ServerListViewModel.swift */; };
		A10000000000000000000037 /* DesignTokens.swift in Sources */ = {isa = PBXBuildFile; fileRef = A10000000000000000000017 /* DesignTokens.swift */; };
		A10000000000000000000038 /* RootView.swift in Sources */ = {isa = PBXBuildFile; fileRef = A10000000000000000000018 /* RootView.swift */; };
		A10000000000000000000039 /* ServerCardView.swift in Sources */ = {isa = PBXBuildFile; fileRef = A10000000000000000000019 /* ServerCardView.swift */; };
		A1000000000000000000003A /* ServerEditorView.swift in Sources */ = {isa = PBXBuildFile; fileRef = A1000000000000000000001A /* ServerEditorView.swift */; };
		A1000000000000000000003B /* ServerConfiguration.swift in Sources */ = {isa = PBXBuildFile; fileRef = A10000000000000000000020 /* ServerConfiguration.swift */; };
		A1000000000000000000003C /* KeychainStore.swift in Sources */ = {isa = PBXBuildFile; fileRef = A10000000000000000000021 /* KeychainStore.swift */; };
		A1000000000000000000003D /* SSHConnectionService.swift in Sources */ = {isa = PBXBuildFile; fileRef = A10000000000000000000022 /* SSHConnectionService.swift */; };
		A1000000000000000000003E /* SSHStatusService.swift in Sources */ = {isa = PBXBuildFile; fileRef = A10000000000000000000023 /* SSHStatusService.swift */; };
		A10000000000000000000042 /* TerminalView.swift in Sources */ = {isa = PBXBuildFile; fileRef = A10000000000000000000024 /* TerminalView.swift */; };
		A10000000000000000000043 /* SFTPView.swift in Sources */ = {isa = PBXBuildFile; fileRef = A10000000000000000000025 /* SFTPView.swift */; };
		A10000000000000000000044 /* ProcessesView.swift in Sources */ = {isa = PBXBuildFile; fileRef = A10000000000000000000026 /* ProcessesView.swift */; };
		A10000000000000000000045 /* ServerToolsView.swift in Sources */ = {isa = PBXBuildFile; fileRef = A10000000000000000000027 /* ServerToolsView.swift */; };
		A10000000000000000000046 /* ConnectionStats.swift in Sources */ = {isa = PBXBuildFile; fileRef = A10000000000000000000028 /* ConnectionStats.swift */; };
		A10000000000000000000047 /* ConnectionStatsStore.swift in Sources */ = {isa = PBXBuildFile; fileRef = A10000000000000000000029 /* ConnectionStatsStore.swift */; };
		A10000000000000000000048 /* ConnectionStatsViewModel.swift in Sources */ = {isa = PBXBuildFile; fileRef = A1000000000000000000002A /* ConnectionStatsViewModel.swift */; };
		A10000000000000000000049 /* ConnectionStatsView.swift in Sources */ = {isa = PBXBuildFile; fileRef = A1000000000000000000002B /* ConnectionStatsView.swift */; };
		A1000000000000000000004A /* TerminalOutputParser.swift in Sources */ = {isa = PBXBuildFile; fileRef = A1000000000000000000002C /* TerminalOutputParser.swift */; };
		A10000000000000000000040 /* Assets.xcassets in Resources */ = {isa = PBXBuildFile; fileRef = A1000000000000000000001C /* Assets.xcassets */; };
		A10000000000000000000041 /* PrivacyInfo.xcprivacy in Resources */ = {isa = PBXBuildFile; fileRef = A1000000000000000000001D /* PrivacyInfo.xcprivacy */; };
		A1000000000000000000004B /* Localizable.strings in Resources */ = {isa = PBXBuildFile; fileRef = A1000000000000000000002D /* Localizable.strings */; };
		A100000000000000000000A0 /* AppShellView.swift in Sources */ = {isa = PBXBuildFile; fileRef = A100000000000000000000B0 /* AppShellView.swift */; };
		A100000000000000000000A1 /* LocalFilesView.swift in Sources */ = {isa = PBXBuildFile; fileRef = A100000000000000000000B1 /* LocalFilesView.swift */; };
		A100000000000000000000A2 /* Snippet.swift in Sources */ = {isa = PBXBuildFile; fileRef = A100000000000000000000B2 /* Snippet.swift */; };
		A100000000000000000000A3 /* SnippetStore.swift in Sources */ = {isa = PBXBuildFile; fileRef = A100000000000000000000B3 /* SnippetStore.swift */; };
		A100000000000000000000A4 /* SnippetListViewModel.swift in Sources */ = {isa = PBXBuildFile; fileRef = A100000000000000000000B4 /* SnippetListViewModel.swift */; };
		A100000000000000000000A5 /* SnippetsView.swift in Sources */ = {isa = PBXBuildFile; fileRef = A100000000000000000000B5 /* SnippetsView.swift */; };
		A100000000000000000000A6 /* AgentView.swift in Sources */ = {isa = PBXBuildFile; fileRef = A100000000000000000000B6 /* AgentView.swift */; };
		A100000000000000000000A7 /* SettingsView.swift in Sources */ = {isa = PBXBuildFile; fileRef = A100000000000000000000B7 /* SettingsView.swift */; };
		A100000000000000000000A8 /* ServerDetailView.swift in Sources */ = {isa = PBXBuildFile; fileRef = A100000000000000000000B8 /* ServerDetailView.swift */; };
		A100000000000000000000A9 /* ServerDiscoveryView.swift in Sources */ = {isa = PBXBuildFile; fileRef = A100000000000000000000B9 /* ServerDiscoveryView.swift */; };
		A10000000000000000000052 /* ServerBoxTests.swift in Sources */ = {isa = PBXBuildFile; fileRef = A1000000000000000000001F /* ServerBoxTests.swift */; };
		A10000000000000000000094 /* Citadel in Frameworks */ = {isa = PBXBuildFile; productRef = A10000000000000000000091 /* Citadel */; };
		A10000000000000000000097 /* Crypto in Frameworks */ = {isa = PBXBuildFile; productRef = A10000000000000000000096 /* Crypto */; };
		A1000000000000000000009A /* NIOSSH in Frameworks */ = {isa = PBXBuildFile; productRef = A10000000000000000000099 /* NIOSSH */; };
		A1000000000000000000009D /* NIO in Frameworks */ = {isa = PBXBuildFile; productRef = A1000000000000000000009C /* NIO */; };
/* End PBXBuildFile section */

/* Begin PBXContainerItemProxy section */
		A10000000000000000000081 /* PBXContainerItemProxy */ = {
			isa = PBXContainerItemProxy;
			containerPortal = A10000000000000000000001 /* Project object */;
			proxyType = 1;
			remoteGlobalIDString = A10000000000000000000050;
			remoteInfo = ServerBox;
		};
/* End PBXContainerItemProxy section */

/* Begin PBXFileReference section */
		A1000000000000000000000C /* ServerBox.app */ = {isa = PBXFileReference; explicitFileType = wrapper.application; includeInIndex = 0; path = ServerBox.app; sourceTree = BUILT_PRODUCTS_DIR; };
		A1000000000000000000000D /* ServerBoxTests.xctest */ = {isa = PBXFileReference; explicitFileType = wrapper.cfbundle; includeInIndex = 0; path = ServerBoxTests.xctest; sourceTree = BUILT_PRODUCTS_DIR; };
		A10000000000000000000010 /* ServerBoxApp.swift */ = {isa = PBXFileReference; lastKnownFileType = sourcecode.swift; path = ServerBoxApp.swift; sourceTree = "<group>"; };
		A10000000000000000000011 /* MonitorServer.swift */ = {isa = PBXFileReference; lastKnownFileType = sourcecode.swift; path = MonitorServer.swift; sourceTree = "<group>"; };
		A10000000000000000000012 /* ServerStatus.swift */ = {isa = PBXFileReference; lastKnownFileType = sourcecode.swift; path = ServerStatus.swift; sourceTree = "<group>"; };
		A10000000000000000000013 /* ServerStatusState.swift */ = {isa = PBXFileReference; lastKnownFileType = sourcecode.swift; path = ServerStatusState.swift; sourceTree = "<group>"; };
		A10000000000000000000014 /* MonitorAPI.swift */ = {isa = PBXFileReference; lastKnownFileType = sourcecode.swift; path = MonitorAPI.swift; sourceTree = "<group>"; };
		A10000000000000000000015 /* ServerStore.swift */ = {isa = PBXFileReference; lastKnownFileType = sourcecode.swift; path = ServerStore.swift; sourceTree = "<group>"; };
		A10000000000000000000016 /* ServerListViewModel.swift */ = {isa = PBXFileReference; lastKnownFileType = sourcecode.swift; path = ServerListViewModel.swift; sourceTree = "<group>"; };
		A10000000000000000000017 /* DesignTokens.swift */ = {isa = PBXFileReference; lastKnownFileType = sourcecode.swift; path = DesignTokens.swift; sourceTree = "<group>"; };
		A10000000000000000000018 /* RootView.swift */ = {isa = PBXFileReference; lastKnownFileType = sourcecode.swift; path = RootView.swift; sourceTree = "<group>"; };
		A10000000000000000000019 /* ServerCardView.swift */ = {isa = PBXFileReference; lastKnownFileType = sourcecode.swift; path = ServerCardView.swift; sourceTree = "<group>"; };
		A1000000000000000000001A /* ServerEditorView.swift */ = {isa = PBXFileReference; lastKnownFileType = sourcecode.swift; path = ServerEditorView.swift; sourceTree = "<group>"; };
		A1000000000000000000001B /* Info.plist */ = {isa = PBXFileReference; lastKnownFileType = text.plist.xml; path = Info.plist; sourceTree = "<group>"; };
		A1000000000000000000001C /* Assets.xcassets */ = {isa = PBXFileReference; lastKnownFileType = folder.assetcatalog; path = Assets.xcassets; sourceTree = "<group>"; };
		A1000000000000000000001D /* PrivacyInfo.xcprivacy */ = {isa = PBXFileReference; lastKnownFileType = text.plist.xml; path = PrivacyInfo.xcprivacy; sourceTree = "<group>"; };
		A1000000000000000000001F /* ServerBoxTests.swift */ = {isa = PBXFileReference; lastKnownFileType = sourcecode.swift; path = ServerBoxTests.swift; sourceTree = "<group>"; };
		A10000000000000000000020 /* ServerConfiguration.swift */ = {isa = PBXFileReference; lastKnownFileType = sourcecode.swift; path = ServerConfiguration.swift; sourceTree = "<group>"; };
		A10000000000000000000021 /* KeychainStore.swift */ = {isa = PBXFileReference; lastKnownFileType = sourcecode.swift; path = KeychainStore.swift; sourceTree = "<group>"; };
		A10000000000000000000022 /* SSHConnectionService.swift */ = {isa = PBXFileReference; lastKnownFileType = sourcecode.swift; path = SSHConnectionService.swift; sourceTree = "<group>"; };
		A10000000000000000000023 /* SSHStatusService.swift */ = {isa = PBXFileReference; lastKnownFileType = sourcecode.swift; path = SSHStatusService.swift; sourceTree = "<group>"; };
		A10000000000000000000024 /* TerminalView.swift */ = {isa = PBXFileReference; lastKnownFileType = sourcecode.swift; path = TerminalView.swift; sourceTree = "<group>"; };
		A10000000000000000000025 /* SFTPView.swift */ = {isa = PBXFileReference; lastKnownFileType = sourcecode.swift; path = SFTPView.swift; sourceTree = "<group>"; };
		A10000000000000000000026 /* ProcessesView.swift */ = {isa = PBXFileReference; lastKnownFileType = sourcecode.swift; path = ProcessesView.swift; sourceTree = "<group>"; };
		A10000000000000000000027 /* ServerToolsView.swift */ = {isa = PBXFileReference; lastKnownFileType = sourcecode.swift; path = ServerToolsView.swift; sourceTree = "<group>"; };
		A10000000000000000000028 /* ConnectionStats.swift */ = {isa = PBXFileReference; lastKnownFileType = sourcecode.swift; path = ConnectionStats.swift; sourceTree = "<group>"; };
		A10000000000000000000029 /* ConnectionStatsStore.swift */ = {isa = PBXFileReference; lastKnownFileType = sourcecode.swift; path = ConnectionStatsStore.swift; sourceTree = "<group>"; };
		A1000000000000000000002A /* ConnectionStatsViewModel.swift */ = {isa = PBXFileReference; lastKnownFileType = sourcecode.swift; path = ConnectionStatsViewModel.swift; sourceTree = "<group>"; };
		A1000000000000000000002B /* ConnectionStatsView.swift */ = {isa = PBXFileReference; lastKnownFileType = sourcecode.swift; path = ConnectionStatsView.swift; sourceTree = "<group>"; };
		A1000000000000000000002C /* TerminalOutputParser.swift */ = {isa = PBXFileReference; lastKnownFileType = sourcecode.swift; path = TerminalOutputParser.swift; sourceTree = "<group>"; };
		A1000000000000000000002D /* Localizable.strings */ = {isa = PBXFileReference; lastKnownFileType = text.plist.strings; name = Localizable.strings; path = "zh-Hans.lproj/Localizable.strings"; sourceTree = "<group>"; };
		A100000000000000000000B0 /* AppShellView.swift */ = {isa = PBXFileReference; lastKnownFileType = sourcecode.swift; path = AppShellView.swift; sourceTree = "<group>"; };
		A100000000000000000000B1 /* LocalFilesView.swift */ = {isa = PBXFileReference; lastKnownFileType = sourcecode.swift; path = LocalFilesView.swift; sourceTree = "<group>"; };
		A100000000000000000000B2 /* Snippet.swift */ = {isa = PBXFileReference; lastKnownFileType = sourcecode.swift; path = Snippet.swift; sourceTree = "<group>"; };
		A100000000000000000000B3 /* SnippetStore.swift */ = {isa = PBXFileReference; lastKnownFileType = sourcecode.swift; path = SnippetStore.swift; sourceTree = "<group>"; };
		A100000000000000000000B4 /* SnippetListViewModel.swift */ = {isa = PBXFileReference; lastKnownFileType = sourcecode.swift; path = SnippetListViewModel.swift; sourceTree = "<group>"; };
		A100000000000000000000B5 /* SnippetsView.swift */ = {isa = PBXFileReference; lastKnownFileType = sourcecode.swift; path = SnippetsView.swift; sourceTree = "<group>"; };
		A100000000000000000000B6 /* AgentView.swift */ = {isa = PBXFileReference; lastKnownFileType = sourcecode.swift; path = AgentView.swift; sourceTree = "<group>"; };
		A100000000000000000000B7 /* SettingsView.swift */ = {isa = PBXFileReference; lastKnownFileType = sourcecode.swift; path = SettingsView.swift; sourceTree = "<group>"; };
		A100000000000000000000B8 /* ServerDetailView.swift */ = {isa = PBXFileReference; lastKnownFileType = sourcecode.swift; path = ServerDetailView.swift; sourceTree = "<group>"; };
		A100000000000000000000B9 /* ServerDiscoveryView.swift */ = {isa = PBXFileReference; lastKnownFileType = sourcecode.swift; path = ServerDiscoveryView.swift; sourceTree = "<group>"; };
/* End PBXFileReference section */

/* Begin PBXFrameworksBuildPhase section */
		A10000000000000000000062 /* Frameworks */ = {
			isa = PBXFrameworksBuildPhase;
			buildActionMask = 2147483647;
			files = (
				A10000000000000000000094 /* Citadel in Frameworks */,
				A10000000000000000000097 /* Crypto in Frameworks */,
				A1000000000000000000009A /* NIOSSH in Frameworks */,
				A1000000000000000000009D /* NIO in Frameworks */,
			);
			runOnlyForDeploymentPostprocessing = 0;
		};
		A10000000000000000000065 /* Frameworks */ = {
			isa = PBXFrameworksBuildPhase;
			buildActionMask = 2147483647;
			files = (
			);
			runOnlyForDeploymentPostprocessing = 0;
		};
/* End PBXFrameworksBuildPhase section */

/* Begin PBXGroup section */
		A10000000000000000000002 = {
			isa = PBXGroup;
			children = (
				A10000000000000000000004 /* ServerBox */,
				A1000000000000000000000B /* ServerBoxTests */,
				A10000000000000000000003 /* Products */,
			);
			sourceTree = "<group>";
		};
		A10000000000000000000003 /* Products */ = {
			isa = PBXGroup;
			children = (
				A1000000000000000000000C /* ServerBox.app */,
				A1000000000000000000000D /* ServerBoxTests.xctest */,
			);
			name = Products;
			sourceTree = "<group>";
		};
		A10000000000000000000004 /* ServerBox */ = {
			isa = PBXGroup;
			children = (
				A10000000000000000000010 /* ServerBoxApp.swift */,
				A10000000000000000000005 /* Models */,
				A10000000000000000000006 /* Services */,
				A10000000000000000000007 /* ViewModels */,
				A10000000000000000000008 /* Design */,
				A10000000000000000000009 /* Views */,
				A1000000000000000000000A /* Resources */,
			);
			path = ServerBox;
			sourceTree = "<group>";
		};
		A10000000000000000000005 /* Models */ = {
			isa = PBXGroup;
			children = (
				A10000000000000000000011 /* MonitorServer.swift */,
				A10000000000000000000012 /* ServerStatus.swift */,
				A10000000000000000000013 /* ServerStatusState.swift */,
				A10000000000000000000020 /* ServerConfiguration.swift */,
				A10000000000000000000028 /* ConnectionStats.swift */,
				A100000000000000000000B2 /* Snippet.swift */,
			);
			path = Models;
			sourceTree = "<group>";
		};
		A10000000000000000000006 /* Services */ = {
			isa = PBXGroup;
			children = (
				A10000000000000000000014 /* MonitorAPI.swift */,
				A10000000000000000000015 /* ServerStore.swift */,
				A10000000000000000000021 /* KeychainStore.swift */,
				A10000000000000000000022 /* SSHConnectionService.swift */,
				A10000000000000000000023 /* SSHStatusService.swift */,
				A10000000000000000000029 /* ConnectionStatsStore.swift */,
				A1000000000000000000002C /* TerminalOutputParser.swift */,
				A100000000000000000000B3 /* SnippetStore.swift */,
			);
			path = Services;
			sourceTree = "<group>";
		};
		A10000000000000000000007 /* ViewModels */ = {
			isa = PBXGroup;
			children = (
				A10000000000000000000016 /* ServerListViewModel.swift */,
				A1000000000000000000002A /* ConnectionStatsViewModel.swift */,
				A100000000000000000000B4 /* SnippetListViewModel.swift */,
			);
			path = ViewModels;
			sourceTree = "<group>";
		};
		A10000000000000000000008 /* Design */ = {
			isa = PBXGroup;
			children = (
				A10000000000000000000017 /* DesignTokens.swift */,
			);
			path = Design;
			sourceTree = "<group>";
		};
		A10000000000000000000009 /* Views */ = {
			isa = PBXGroup;
			children = (
				A10000000000000000000018 /* RootView.swift */,
				A10000000000000000000019 /* ServerCardView.swift */,
				A1000000000000000000001A /* ServerEditorView.swift */,
				A10000000000000000000024 /* TerminalView.swift */,
				A10000000000000000000025 /* SFTPView.swift */,
				A10000000000000000000026 /* ProcessesView.swift */,
				A10000000000000000000027 /* ServerToolsView.swift */,
				A1000000000000000000002B /* ConnectionStatsView.swift */,
				A100000000000000000000B0 /* AppShellView.swift */,
				A100000000000000000000B1 /* LocalFilesView.swift */,
				A100000000000000000000B5 /* SnippetsView.swift */,
				A100000000000000000000B6 /* AgentView.swift */,
				A100000000000000000000B7 /* SettingsView.swift */,
				A100000000000000000000B8 /* ServerDetailView.swift */,
				A100000000000000000000B9 /* ServerDiscoveryView.swift */,
			);
			path = Views;
			sourceTree = "<group>";
		};
		A1000000000000000000000A /* Resources */ = {
			isa = PBXGroup;
			children = (
				A1000000000000000000001B /* Info.plist */,
				A1000000000000000000001C /* Assets.xcassets */,
				A1000000000000000000001D /* PrivacyInfo.xcprivacy */,
				A1000000000000000000002D /* Localizable.strings */,
			);
			path = Resources;
			sourceTree = "<group>";
		};
		A1000000000000000000000B /* ServerBoxTests */ = {
			isa = PBXGroup;
			children = (
				A1000000000000000000001F /* ServerBoxTests.swift */,
			);
			path = ServerBoxTests;
			sourceTree = "<group>";
		};
/* End PBXGroup section */

/* Begin PBXNativeTarget section */
		A10000000000000000000050 /* ServerBox */ = {
			isa = PBXNativeTarget;
			buildConfigurationList = A10000000000000000000075 /* Build configuration list for PBXNativeTarget "ServerBox" */;
			buildPhases = (
				A10000000000000000000060 /* Sources */,
				A10000000000000000000061 /* Resources */,
				A10000000000000000000062 /* Frameworks */,
			);
			buildRules = (
			);
			dependencies = (
			);
			packageProductDependencies = (
				A10000000000000000000091 /* Citadel */,
				A10000000000000000000096 /* Crypto */,
				A10000000000000000000099 /* NIOSSH */,
				A1000000000000000000009C /* NIO */,
			);
			name = ServerBox;
			productName = ServerBox;
			productReference = A1000000000000000000000C /* ServerBox.app */;
			productType = "com.apple.product-type.application";
		};
		A10000000000000000000051 /* ServerBoxTests */ = {
			isa = PBXNativeTarget;
			buildConfigurationList = A10000000000000000000078 /* Build configuration list for PBXNativeTarget "ServerBoxTests" */;
			buildPhases = (
				A10000000000000000000063 /* Sources */,
				A10000000000000000000064 /* Resources */,
				A10000000000000000000065 /* Frameworks */,
			);
			buildRules = (
			);
			dependencies = (
				A10000000000000000000082 /* PBXTargetDependency */,
			);
			name = ServerBoxTests;
			productName = ServerBoxTests;
			productReference = A1000000000000000000000D /* ServerBoxTests.xctest */;
			productType = "com.apple.product-type.bundle.unit-test";
		};
/* End PBXNativeTarget section */

/* Begin PBXProject section */
		A10000000000000000000001 /* Project object */ = {
			isa = PBXProject;
			attributes = {
				BuildIndependentTargetsInParallel = 1;
				LastUpgradeCheck = 1600;
				TargetAttributes = {
					A10000000000000000000050 = {
						CreatedOnToolsVersion = 16.0;
					};
					A10000000000000000000051 = {
						CreatedOnToolsVersion = 16.0;
						TestTargetID = A10000000000000000000050;
					};
				};
			};
			buildConfigurationList = A10000000000000000000072 /* Build configuration list for PBXProject "ServerBox" */;
			compatibilityVersion = "Xcode 15.0";
			developmentRegion = en;
			hasScannedForEncodings = 0;
			knownRegions = (
				en,
				Base,
				zh-Hans,
			);
			mainGroup = A10000000000000000000002;
			productRefGroup = A10000000000000000000003 /* Products */;
			packageReferences = (
				A10000000000000000000090 /* XCRemoteSwiftPackageReference "Citadel" */,
				A10000000000000000000095 /* XCRemoteSwiftPackageReference "swift-crypto" */,
				A10000000000000000000098 /* XCRemoteSwiftPackageReference "swift-nio-ssh" */,
				A1000000000000000000009B /* XCRemoteSwiftPackageReference "swift-nio" */,
			);
			projectDirPath = "";
			projectRoot = "";
			targets = (
				A10000000000000000000050 /* ServerBox */,
				A10000000000000000000051 /* ServerBoxTests */,
			);
		};
/* End PBXProject section */

/* Begin PBXResourcesBuildPhase section */
		A10000000000000000000061 /* Resources */ = {
			isa = PBXResourcesBuildPhase;
			buildActionMask = 2147483647;
			files = (
				A10000000000000000000040 /* Assets.xcassets in Resources */,
				A10000000000000000000041 /* PrivacyInfo.xcprivacy in Resources */,
				A1000000000000000000004B /* Localizable.strings in Resources */,
			);
			runOnlyForDeploymentPostprocessing = 0;
		};
		A10000000000000000000064 /* Resources */ = {
			isa = PBXResourcesBuildPhase;
			buildActionMask = 2147483647;
			files = (
			);
			runOnlyForDeploymentPostprocessing = 0;
		};
/* End PBXResourcesBuildPhase section */

/* Begin PBXSourcesBuildPhase section */
		A10000000000000000000060 /* Sources */ = {
			isa = PBXSourcesBuildPhase;
			buildActionMask = 2147483647;
			files = (
				A10000000000000000000030 /* ServerBoxApp.swift in Sources */,
				A10000000000000000000031 /* MonitorServer.swift in Sources */,
				A10000000000000000000032 /* ServerStatus.swift in Sources */,
				A10000000000000000000033 /* ServerStatusState.swift in Sources */,
				A10000000000000000000034 /* MonitorAPI.swift in Sources */,
				A10000000000000000000035 /* ServerStore.swift in Sources */,
				A10000000000000000000036 /* ServerListViewModel.swift in Sources */,
				A10000000000000000000037 /* DesignTokens.swift in Sources */,
				A10000000000000000000038 /* RootView.swift in Sources */,
				A10000000000000000000039 /* ServerCardView.swift in Sources */,
				A1000000000000000000003A /* ServerEditorView.swift in Sources */,
				A1000000000000000000003B /* ServerConfiguration.swift in Sources */,
				A1000000000000000000003C /* KeychainStore.swift in Sources */,
				A1000000000000000000003D /* SSHConnectionService.swift in Sources */,
				A1000000000000000000003E /* SSHStatusService.swift in Sources */,
				A10000000000000000000042 /* TerminalView.swift in Sources */,
				A10000000000000000000043 /* SFTPView.swift in Sources */,
				A10000000000000000000044 /* ProcessesView.swift in Sources */,
				A10000000000000000000045 /* ServerToolsView.swift in Sources */,
				A10000000000000000000046 /* ConnectionStats.swift in Sources */,
				A10000000000000000000047 /* ConnectionStatsStore.swift in Sources */,
				A10000000000000000000048 /* ConnectionStatsViewModel.swift in Sources */,
				A10000000000000000000049 /* ConnectionStatsView.swift in Sources */,
				A1000000000000000000004A /* TerminalOutputParser.swift in Sources */,
				A100000000000000000000A0 /* AppShellView.swift in Sources */,
				A100000000000000000000A1 /* LocalFilesView.swift in Sources */,
				A100000000000000000000A2 /* Snippet.swift in Sources */,
				A100000000000000000000A3 /* SnippetStore.swift in Sources */,
				A100000000000000000000A4 /* SnippetListViewModel.swift in Sources */,
				A100000000000000000000A5 /* SnippetsView.swift in Sources */,
				A100000000000000000000A6 /* AgentView.swift in Sources */,
				A100000000000000000000A7 /* SettingsView.swift in Sources */,
				A100000000000000000000A8 /* ServerDetailView.swift in Sources */,
				A100000000000000000000A9 /* ServerDiscoveryView.swift in Sources */,
			);
			runOnlyForDeploymentPostprocessing = 0;
		};
		A10000000000000000000063 /* Sources */ = {
			isa = PBXSourcesBuildPhase;
			buildActionMask = 2147483647;
			files = (
				A10000000000000000000052 /* ServerBoxTests.swift in Sources */,
			);
			runOnlyForDeploymentPostprocessing = 0;
		};
/* End PBXSourcesBuildPhase section */

/* Begin PBXTargetDependency section */
		A10000000000000000000082 /* PBXTargetDependency */ = {
			isa = PBXTargetDependency;
			target = A10000000000000000000050 /* ServerBox */;
			targetProxy = A10000000000000000000081 /* PBXContainerItemProxy */;
		};
/* End PBXTargetDependency section */

/* Begin XCBuildConfiguration section */
		A10000000000000000000070 /* Debug */ = {
			isa = XCBuildConfiguration;
			buildSettings = {
				ALWAYS_SEARCH_USER_PATHS = NO;
				CLANG_ENABLE_MODULES = YES;
				ENABLE_TESTABILITY = YES;
				"EXCLUDED_ARCHS[sdk=iphonesimulator*]" = x86_64;
				SWIFT_OPTIMIZATION_LEVEL = "-Onone";
				SWIFT_VERSION = 5.9;
			};
			name = Debug;
		};
		A10000000000000000000071 /* Release */ = {
			isa = XCBuildConfiguration;
			buildSettings = {
				ALWAYS_SEARCH_USER_PATHS = NO;
				CLANG_ENABLE_MODULES = YES;
				"EXCLUDED_ARCHS[sdk=iphonesimulator*]" = x86_64;
				SWIFT_VERSION = 5.9;
			};
			name = Release;
		};
		A10000000000000000000073 /* Debug */ = {
			isa = XCBuildConfiguration;
			buildSettings = {
				ASSETCATALOG_COMPILER_APPICON_NAME = AppIcon;
				CLANG_ENABLE_MODULES = YES;
				CODE_SIGN_STYLE = Automatic;
				CURRENT_PROJECT_VERSION = 1;
				ENABLE_TESTABILITY = YES;
				GENERATE_INFOPLIST_FILE = NO;
				INFOPLIST_FILE = ServerBox/Resources/Info.plist;
				IPHONEOS_DEPLOYMENT_TARGET = 17.0;
				LD_RUNPATH_SEARCH_PATHS = (
					"$(inherited)",
					"@executable_path/Frameworks",
				);
				PRODUCT_BUNDLE_IDENTIFIER = tech.lolli.serverbox.native;
				PRODUCT_NAME = "$(TARGET_NAME)";
				SDKROOT = iphoneos;
				SWIFT_VERSION = 5.9;
				TARGETED_DEVICE_FAMILY = "1,2";
			};
			name = Debug;
		};
		A10000000000000000000074 /* Release */ = {
			isa = XCBuildConfiguration;
			buildSettings = {
				ASSETCATALOG_COMPILER_APPICON_NAME = AppIcon;
				CLANG_ENABLE_MODULES = YES;
				CODE_SIGN_STYLE = Automatic;
				CURRENT_PROJECT_VERSION = 1;
				GENERATE_INFOPLIST_FILE = NO;
				INFOPLIST_FILE = ServerBox/Resources/Info.plist;
				IPHONEOS_DEPLOYMENT_TARGET = 17.0;
				LD_RUNPATH_SEARCH_PATHS = (
					"$(inherited)",
					"@executable_path/Frameworks",
				);
				PRODUCT_BUNDLE_IDENTIFIER = tech.lolli.serverbox.native;
				PRODUCT_NAME = "$(TARGET_NAME)";
				SDKROOT = iphoneos;
				SWIFT_OPTIMIZATION_LEVEL = "-O";
				SWIFT_VERSION = 5.9;
				TARGETED_DEVICE_FAMILY = "1,2";
			};
			name = Release;
		};
		A10000000000000000000076 /* Debug */ = {
			isa = XCBuildConfiguration;
			buildSettings = {
				BUNDLE_LOADER = "$(TEST_HOST)";
				CODE_SIGN_STYLE = Automatic;
				ENABLE_TESTABILITY = YES;
				GENERATE_INFOPLIST_FILE = YES;
				IPHONEOS_DEPLOYMENT_TARGET = 17.0;
				PRODUCT_BUNDLE_IDENTIFIER = tech.lolli.serverbox.native.tests;
				PRODUCT_NAME = "$(TARGET_NAME)";
				SDKROOT = iphoneos;
				SWIFT_VERSION = 5.9;
				TEST_HOST = "$(BUILT_PRODUCTS_DIR)/ServerBox.app/ServerBox";
			};
			name = Debug;
		};
		A10000000000000000000077 /* Release */ = {
			isa = XCBuildConfiguration;
			buildSettings = {
				BUNDLE_LOADER = "$(TEST_HOST)";
				CODE_SIGN_STYLE = Automatic;
				GENERATE_INFOPLIST_FILE = YES;
				IPHONEOS_DEPLOYMENT_TARGET = 17.0;
				PRODUCT_BUNDLE_IDENTIFIER = tech.lolli.serverbox.native.tests;
				PRODUCT_NAME = "$(TARGET_NAME)";
				SDKROOT = iphoneos;
				SWIFT_OPTIMIZATION_LEVEL = "-O";
				SWIFT_VERSION = 5.9;
				TEST_HOST = "$(BUILT_PRODUCTS_DIR)/ServerBox.app/ServerBox";
			};
			name = Release;
		};
/* End XCBuildConfiguration section */

/* Begin XCConfigurationList section */
		A10000000000000000000072 /* Build configuration list for PBXProject "ServerBox" */ = {
			isa = XCConfigurationList;
			buildConfigurations = (
				A10000000000000000000070 /* Debug */,
				A10000000000000000000071 /* Release */,
			);
			defaultConfigurationIsVisible = 0;
			defaultConfigurationName = Release;
		};
		A10000000000000000000075 /* Build configuration list for PBXNativeTarget "ServerBox" */ = {
			isa = XCConfigurationList;
			buildConfigurations = (
				A10000000000000000000073 /* Debug */,
				A10000000000000000000074 /* Release */,
			);
			defaultConfigurationIsVisible = 0;
			defaultConfigurationName = Release;
		};
		A10000000000000000000078 /* Build configuration list for PBXNativeTarget "ServerBoxTests" */ = {
			isa = XCConfigurationList;
			buildConfigurations = (
				A10000000000000000000076 /* Debug */,
				A10000000000000000000077 /* Release */,
			);
			defaultConfigurationIsVisible = 0;
			defaultConfigurationName = Release;
		};
/* End XCConfigurationList section */

/* Begin XCRemoteSwiftPackageReference section */
		A10000000000000000000090 /* XCRemoteSwiftPackageReference "Citadel" */ = {
			isa = XCRemoteSwiftPackageReference;
			repositoryURL = "https://github.com/orlandos-nl/Citadel.git";
			requirement = {
				kind = upToNextMajorVersion;
				minimumVersion = 0.12.1;
			};
		};
/* End XCRemoteSwiftPackageReference section */

/* Begin XCRemoteSwiftPackageReference section */
		A10000000000000000000095 /* XCRemoteSwiftPackageReference "swift-crypto" */ = {
			isa = XCRemoteSwiftPackageReference;
			repositoryURL = "https://github.com/apple/swift-crypto.git";
			requirement = {
				kind = upToNextMajorVersion;
				minimumVersion = 3.12.3;
			};
		};
		A10000000000000000000098 /* XCRemoteSwiftPackageReference "swift-nio-ssh" */ = {
			isa = XCRemoteSwiftPackageReference;
			repositoryURL = "https://github.com/Wellz26/swift-nio-ssh.git";
			requirement = {
				kind = upToNextMinorVersion;
				minimumVersion = 0.3.4;
			};
		};
		A1000000000000000000009B /* XCRemoteSwiftPackageReference "swift-nio" */ = {
			isa = XCRemoteSwiftPackageReference;
			repositoryURL = "https://github.com/apple/swift-nio.git";
			requirement = {
				kind = upToNextMajorVersion;
				minimumVersion = 2.81.0;
			};
		};
/* End XCRemoteSwiftPackageReference section */

/* Begin XCSwiftPackageProductDependency section */
		A10000000000000000000091 /* Citadel */ = {
			isa = XCSwiftPackageProductDependency;
			package = A10000000000000000000090 /* XCRemoteSwiftPackageReference "Citadel" */;
			productName = Citadel;
		};
/* End XCSwiftPackageProductDependency section */

/* Begin XCSwiftPackageProductDependency section */
		A10000000000000000000096 /* Crypto */ = {
			isa = XCSwiftPackageProductDependency;
			package = A10000000000000000000095 /* XCRemoteSwiftPackageReference "swift-crypto" */;
			productName = Crypto;
		};
		A10000000000000000000099 /* NIOSSH */ = {
			isa = XCSwiftPackageProductDependency;
			package = A10000000000000000000098 /* XCRemoteSwiftPackageReference "swift-nio-ssh" */;
			productName = NIOSSH;
		};
		A1000000000000000000009C /* NIO */ = {
			isa = XCSwiftPackageProductDependency;
			package = A1000000000000000000009B /* XCRemoteSwiftPackageReference "swift-nio" */;
			productName = NIO;
		};
/* End XCSwiftPackageProductDependency section */
	};
	rootObject = A10000000000000000000001 /* Project object */;
}
